// !$*UTF8*$!
{
	archiveVersion = 1;
	classes = {
	};
	objectVersion = 56;
	objects = {

/* Begin PBXBuildFile section */
		483A523E2A154BB400ACD902 /* main.cpp in Sources */ = {isa = PBXBuildFile; fileRef = 483A523D2A154BB400ACD902 /* main.cpp */; };
		483A52472A154CB500ACD902 /* Game.cpp in Sources */ = {isa = PBXBuildFile; fileRef = 483A52452A154CB500ACD902 /* Game.cpp */; };
		483A524A2A154CBC00ACD902 /* Player.cpp in Sources */ = {isa = PBXBuildFile; fileRef = 483A52482A154CBC00ACD902 /* Player.cpp */; };
		483A524D2A154CC200ACD902 /* Board.cpp in Sources */ = {isa = PBXBuildFile; fileRef = 483A524B2A154CC200ACD902 /* Board.cpp */; };
/* End PBXBuildFile section */

/* Begin PBXCopyFilesBuildPhase section */
		483A52382A154BB400ACD902 /* CopyFiles */ = {
			isa = PBXCopyFilesBuildPhase;
			buildActionMask = 2147483647;
			dstPath = /usr/share/man/man1/;
			dstSubfolderSpec = 0;
			files = (
			);
			runOnlyForDeploymentPostprocessing = 1;
		};
/* End PBXCopyFilesBuildPhase section */

/* Begin PBXFileReference section */
		483A523A2A154BB400ACD902 /* CS32_Proj3 */ = {isa = PBXFileReference; explicitFileType = "compiled.mach-o.executable"; includeInIndex = 0; path = CS32_Proj3; sourceTree = BUILT_PRODUCTS_DIR; };
		483A523D2A154BB400ACD902 /* main.cpp */ = {isa = PBXFileReference; lastKnownFileType = sourcecode.cpp.cpp; path = main.cpp; sourceTree = "<group>"; };
		483A52442A154C6200ACD902 /* Side.h */ = {isa = PBXFileReference; lastKnownFileType = sourcecode.c.h; path = Side.h; sourceTree = "<group>"; };
		483A52452A154CB500ACD902 /* Game.cpp */ = {isa = PBXFileReference; lastKnownFileType = sourcecode.cpp.cpp; path = Game.cpp; sourceTree = "<group>"; };
		483A52462A154CB500ACD902 /* Game.h */ = {isa = PBXFileReference; lastKnownFileType = sourcecode.c.h; path = Game.h; sourceTree = "<group>"; };
		483A52482A154CBC00ACD902 /* Player.cpp */ = {isa = PBXFileReference; lastKnownFileType = sourcecode.cpp.cpp; path = Player.cpp; sourceTree = "<group>"; };
		483A52492A154CBC00ACD902 /* Player.h */ = {isa = PBXFileReference; lastKnownFileType = sourcecode.c.h; path = Player.h; sourceTree = "<group>"; };
		483A524B2A154CC200ACD902 /* Board.cpp */ = {isa = PBXFileReference; lastKnownFileType = sourcecode.cpp.cpp; path = Board.cpp; sourceTree = "<group>"; };
		483A524C2A154CC200ACD902 /* Board.h */ = {isa = PBXFileReference; lastKnownFileType = sourcecode.c.h; path = Board.h; sourceTree = "<group>"; };
/* End PBXFileReference section */

/* Begin PBXFrameworksBuildPhase section */
		483A52372A154BB400ACD902 /* Frameworks */ = {
			isa = PBXFrameworksBuildPhase;
			buildActionMask = 2147483647;
			files = (
			);
			runOnlyForDeploymentPostprocessing = 0;
		};
/* End PBXFrameworksBuildPhase section */

/* Begin PBXGroup section */
		483A52312A154BB400ACD902 = {
			isa = PBXGroup;
			children = (
				483A523C2A154BB400ACD902 /* CS32_Proj3 */,
				483A523B2A154BB400ACD902 /* Products */,
			);
			sourceTree = "<group>";
		};
		483A523B2A154BB400ACD902 /* Products */ = {
			isa = PBXGroup;
			children = (
				483A523A2A154BB400ACD902 /* CS32_Proj3 */,
			);
			name = Products;
			sourceTree = "<group>";
		};
		483A523C2A154BB400ACD902 /* CS32_Proj3 */ = {
			isa = PBXGroup;
			children = (
				483A523D2A154BB400ACD902 /* main.cpp */,
				483A52452A154CB500ACD902 /* Game.cpp */,
				483A52482A154CBC00ACD902 /* Player.cpp */,
				483A524B2A154CC200ACD902 /* Board.cpp */,
				483A524C2A154CC200ACD902 /* Board.h */,
				483A52442A154C6200ACD902 /* Side.h */,
				483A52492A154CBC00ACD902 /* Player.h */,
				483A52462A154CB500ACD902 /* Game.h */,
			);
			path = CS32_Proj3;
			sourceTree = "<group>";
		};
/* End PBXGroup section */

/* Begin PBXNativeTarget section */
		483A52392A154BB400ACD902 /* CS32_Proj3 */ = {
			isa = PBXNativeTarget;
			buildConfigurationList = 483A52412A154BB400ACD902 /* Build configuration list for PBXNativeTarget "CS32_Proj3" */;
			buildPhases = (
				483A52362A154BB400ACD902 /* Sources */,
				483A52372A154BB400ACD902 /* Frameworks */,
				483A52382A154BB400ACD902 /* CopyFiles */,
			);
			buildRules = (
			);
			dependencies = (
			);
			name = CS32_Proj3;
			productName = CS32_Proj3;
			productReference = 483A523A2A154BB400ACD902 /* CS32_Proj3 */;
			productType = "com.apple.product-type.tool";
		};
/* End PBXNativeTarget section */

/* Begin PBXProject section */
		483A52322A154BB400ACD902 /* Project object */ = {
			isa = PBXProject;
			attributes = {
				BuildIndependentTargetsInParallel = 1;
				LastUpgradeCheck = 1420;
				TargetAttributes = {
					483A52392A154BB400ACD902 = {
						CreatedOnToolsVersion = 14.2;
					};
				};
			};
			buildConfigurationList = 483A52352A154BB400ACD902 /* Build configuration list for PBXProject "CS32_Proj3" */;
			compatibilityVersion = "Xcode 14.0";
			developmentRegion = en;
			hasScannedForEncodings = 0;
			knownRegions = (
				en,
				Base,
			);
			mainGroup = 483A52312A154BB400ACD902;
			productRefGroup = 483A523B2A154BB400ACD902 /* Products */;
			projectDirPath = "";
			projectRoot = "";
			targets = (
				483A52392A154BB400ACD902 /* CS32_Proj3 */,
			);
		};
/* End PBXProject section */

/* Begin PBXSourcesBuildPhase section */
		483A52362A154BB400ACD902 /* Sources */ = {
			isa = PBXSourcesBuildPhase;
			buildActionMask = 2147483647;
			files = (
				483A523E2A154BB400ACD902 /* main.cpp in Sources */,
				483A52472A154CB500ACD902 /* Game.cpp in Sources */,
				483A524D2A154CC200ACD902 /* Board.cpp in Sources */,
				483A524A2A154CBC00ACD902 /* Player.cpp in Sources */,
			);
			runOnlyForDeploymentPostprocessing = 0;
		};
/* End PBXSourcesBuildPhase section */

/* Begin XCBuildConfiguration section */
		483A523F2A154BB400ACD902 /* Debug */ = {
			isa = XCBuildConfiguration;
			buildSettings = {
				ALWAYS_SEARCH_USER_PATHS = NO;
				CLANG_ANALYZER_NONNULL = YES;
				CLANG_ANALYZER_NUMBER_OBJECT_CONVERSION = YES_AGGRESSIVE;
				CLANG_CXX_LANGUAGE_STANDARD = "gnu++20";
				CLANG_ENABLE_MODULES = YES;
				CLANG_ENABLE_OBJC_ARC = YES;
				CLANG_ENABLE_OBJC_WEAK = YES;
				CLANG_WARN_BLOCK_CAPTURE_AUTORELEASING = YES;
				CLANG_WARN_BOOL_CONVERSION = YES;
				CLANG_WARN_COMMA = YES;
				CLANG_WARN_CONSTANT_CONVERSION = YES;
				CLANG_WARN_DEPRECATED_OBJC_IMPLEMENTATIONS = YES;
				CLANG_WARN_DIRECT_OBJC_ISA_USAGE = YES_ERROR;
				CLANG_WARN_DOCUMENTATION_COMMENTS = YES;
				CLANG_WARN_EMPTY_BODY = YES;
				CLANG_WARN_ENUM_CONVERSION = YES;
				CLANG_WARN_INFINITE_RECURSION = YES;
				CLANG_WARN_INT_CONVERSION = YES;
				CLANG_WARN_NON_LITERAL_NULL_CONVERSION = YES;
				CLANG_WARN_OBJC_IMPLICIT_RETAIN_SELF = YES;
				CLANG_WARN_OBJC_LITERAL_CONVERSION = YES;
				CLANG_WARN_OBJC_ROOT_CLASS = YES_ERROR;
				CLANG_WARN_QUOTED_INCLUDE_IN_FRAMEWORK_HEADER = YES;
				CLANG_WARN_RANGE_LOOP_ANALYSIS = YES;
				CLANG_WARN_STRICT_PROTOTYPES = YES;
				CLANG_WARN_SUSPICIOUS_MOVE = YES;
				CLANG_WARN_UNGUARDED_AVAILABILITY = YES_AGGRESSIVE;
				CLANG_WARN_UNREACHABLE_CODE = YES;
				CLANG_WARN__DUPLICATE_METHOD_MATCH = YES;
				COPY_PHASE_STRIP = NO;
				DEBUG_INFORMATION_FORMAT = dwarf;
				ENABLE_STRICT_OBJC_MSGSEND = YES;
				ENABLE_TESTABILITY = YES;
				GCC_C_LANGUAGE_STANDARD = gnu11;
				GCC_DYNAMIC_NO_PIC = NO;
				GCC_NO_COMMON_BLOCKS = YES;
				GCC_OPTIMIZATION_LEVEL = 0;
				GCC_PREPROCESSOR_DEFINITIONS = (
					"DEBUG=1",
					"$(inherited)",
				);
				GCC_WARN_64_TO_32_BIT_CONVERSION = YES;
				GCC_WARN_ABOUT_RETURN_TYPE = YES_ERROR;
				GCC_WARN_UNDECLARED_SELECTOR = YES;
				GCC_WARN_UNINITIALIZED_AUTOS = YES_AGGRESSIVE;
				GCC_WARN_UNUSED_FUNCTION = YES;
				GCC_WARN_UNUSED_VARIABLE = YES;
				MACOSX_DEPLOYMENT_TARGET = 13.1;
				MTL_ENABLE_DEBUG_INFO = INCLUDE_SOURCE;
				MTL_FAST_MATH = YES;
				ONLY_ACTIVE_ARCH = YES;
				SDKROOT = macosx;
			};
			name = Debug;
		};
		483A52402A154BB400ACD902 /* Release */ = {
			isa = XCBuildConfiguration;
			buildSettings = {
				ALWAYS_SEARCH_USER_PATHS = NO;
				CLANG_ANALYZER_NONNULL = YES;
				CLANG_ANALYZER_NUMBER_OBJECT_CONVERSION = YES_AGGRESSIVE;
				CLANG_CXX_LANGUAGE_STANDARD = "gnu++20";
				CLANG_ENABLE_MODULES = YES;
				CLANG_ENABLE_OBJC_ARC = YES;
				CLANG_ENABLE_OBJC_WEAK = YES;
				CLANG_WARN_BLOCK_CAPTURE_AUTORELEASING = YES;
				CLANG_WARN_BOOL_CONVERSION = YES;
				CLANG_WARN_COMMA = YES;
				CLANG_WARN_CONSTANT_CONVERSION = YES;
				CLANG_WARN_DEPRECATED_OBJC_IMPLEMENTATIONS = YES;
				CLANG_WARN_DIRECT_OBJC_ISA_USAGE = YES_ERROR;
				CLANG_WARN_DOCUMENTATION_COMMENTS = YES;
				CLANG_WARN_EMPTY_BODY = YES;
				CLANG_WARN_ENUM_CONVERSION = YES;
				CLANG_WARN_INFINITE_RECURSION = YES;
				CLANG_WARN_INT_CONVERSION = YES;
				CLANG_WARN_NON_LITERAL_NULL_CONVERSION = YES;
				CLANG_WARN_OBJC_IMPLICIT_RETAIN_SELF = YES;
				CLANG_WARN_OBJC_LITERAL_CONVERSION = YES;
				CLANG_WARN_OBJC_ROOT_CLASS = YES_ERROR;
				CLANG_WARN_QUOTED_INCLUDE_IN_FRAMEWORK_HEADER = YES;
				CLANG_WARN_RANGE_LOOP_ANALYSIS = YES;
				CLANG_WARN_STRICT_PROTOTYPES = YES;
				CLANG_WARN_SUSPICIOUS_MOVE = YES;
				CLANG_WARN_UNGUARDED_AVAILABILITY = YES_AGGRESSIVE;
				CLANG_WARN_UNREACHABLE_CODE = YES;
				CLANG_WARN__DUPLICATE_METHOD_MATCH = YES;
				COPY_PHASE_STRIP = NO;
				DEBUG_INFORMATION_FORMAT = "dwarf-with-dsym";
				ENABLE_NS_ASSERTIONS = NO;
				ENABLE_STRICT_OBJC_MSGSEND = YES;
				GCC_C_LANGUAGE_STANDARD = gnu11;
				GCC_NO_COMMON_BLOCKS = YES;
				GCC_WARN_64_TO_32_BIT_CONVERSION = YES;
				GCC_WARN_ABOUT_RETURN_TYPE = YES_ERROR;
				GCC_WARN_UNDECLARED_SELECTOR = YES;
				GCC_WARN_UNINITIALIZED_AUTOS = YES_AGGRESSIVE;
				GCC_WARN_UNUSED_FUNCTION = YES;
				GCC_WARN_UNUSED_VARIABLE = YES;
				MACOSX_DEPLOYMENT_TARGET = 13.1;
				MTL_ENABLE_DEBUG_INFO = NO;
				MTL_FAST_MATH = YES;
				SDKROOT = macosx;
			};
			name = Release;
		};
		483A52422A154BB400ACD902 /* Debug */ = {
			isa = XCBuildConfiguration;
			buildSettings = {
				CODE_SIGN_STYLE = Automatic;
				PRODUCT_NAME = "$(TARGET_NAME)";
			};
			name = Debug;
		};
		483A52432A154BB400ACD902 /* Release */ = {
			isa = XCBuildConfiguration;
			buildSettings = {
				CODE_SIGN_STYLE = Automatic;
				PRODUCT_NAME = "$(TARGET_NAME)";
			};
			name = Release;
		};
/* End XCBuildConfiguration section */

/* Begin XCConfigurationList section */
		483A52352A154BB400ACD902 /* Build configuration list for PBXProject "CS32_Proj3" */ = {
			isa = XCConfigurationList;
			buildConfigurations = (
				483A523F2A154BB400ACD902 /* Debug */,
				483A52402A154BB400ACD902 /* Release */,
			);
			defaultConfigurationIsVisible = 0;
			defaultConfigurationName = Release;
		};
		483A52412A154BB400ACD902 /* Build configuration list for PBXNativeTarget "CS32_Proj3" */ = {
			isa = XCConfigurationList;
			buildConfigurations = (
				483A52422A154BB400ACD902 /* Debug */,
				483A52432A154BB400ACD902 /* Release */,
			);
			defaultConfigurationIsVisible = 0;
			defaultConfigurationName = Release;
		};
/* End XCConfigurationList section */
	};
	rootObject = 483A52322A154BB400ACD902 /* Project object */;
}
